
Microsoft Visual Studio Solution File, Format Version 12.00
# Visual Studio Version 16
VisualStudioVersion = 16.0.31702.278
MinimumVisualStudioVersion = 10.0.40219.1
Project("{FAE04EC0-301F-11D3-BF4B-00C04F79EFBC}") = "Practice1", "Practice1.csproj", "{B95D9B03-3349-44B4-86E8-521F4B1542FD}"
EndProject
Global
	GlobalSection(SolutionConfigurationPlatforms) = preSolution
		Debug|Any CPU = Debug|Any CPU
		Release|Any CPU = Release|Any CPU
	EndGlobalSection
	GlobalSection(ProjectConfigurationPlatforms) = postSolution
		{B95D9B03-3349-44B4-86E8-521F4B1542FD}.Debug|Any CPU.ActiveCfg = Debug|Any CPU
		{B95D9B03-3349-44B4-86E8-521F4B1542FD}.Debug|Any CPU.Build.0 = Debug|Any CPU
		{B95D9B03-3349-44B4-86E8-521F4B1542FD}.Release|Any CPU.ActiveCfg = Release|Any CPU
		{B95D9B03-3349-44B4-86E8-521F4B1542FD}.Release|Any CPU.Build.0 = Release|Any CPU
	EndGlobalSection
	GlobalSection(SolutionProperties) = preSolution
		HideSolutionNode = FALSE
	EndGlobalSection
	GlobalSection(ExtensibilityGlobals) = postSolution
		SolutionGuid = {3C2BEC8B-52B5-4F7E-909F-917A623D6758}
	EndGlobalSection
EndGlobal
